
Microsoft Visual Studio Solution File, Format Version 11.00
# Visual Studio 2010
Project("{FAE04EC0-301F-11D3-BF4B-00C04F79EFBC}") = "Figuras", "Figuras\Figuras.csproj", "{0767E15E-5A26-463F-BE0D-684DCFD0C998}"
EndProject
Global
	GlobalSection(SolutionConfigurationPlatforms) = preSolution
		Debug|x86 = Debug|x86
		Release|x86 = Release|x86
	EndGlobalSection
	GlobalSection(ProjectConfigurationPlatforms) = postSolution
		{0767E15E-5A26-463F-BE0D-684DCFD0C998}.Debug|x86.ActiveCfg = Debug|x86
		{0767E15E-5A26-463F-BE0D-684DCFD0C998}.Debug|x86.Build.0 = Debug|x86
		{0767E15E-5A26-463F-BE0D-684DCFD0C998}.Release|x86.ActiveCfg = Release|x86
		{0767E15E-5A26-463F-BE0D-684DCFD0C998}.Release|x86.Build.0 = Release|x86
	EndGlobalSection
	GlobalSection(SolutionProperties) = preSolution
		HideSolutionNode = FALSE
	EndGlobalSection
EndGlobal
